
Microsoft Visual Studio Solution File, Format Version 12.00
# Visual Studio Version 16
VisualStudioVersion = 16.0.29709.97
MinimumVisualStudioVersion = 10.0.40219.1
Project("{FAE04EC0-301F-11D3-BF4B-00C04F79EFBC}") = "TeamProject", "TeamProject\TeamProject.csproj", "{93764710-7620-45AE-97AC-610B42CF90AC}"
EndProject
Global
	GlobalSection(SolutionConfigurationPlatforms) = preSolution
		Debug|Any CPU = Debug|Any CPU
		Release|Any CPU = Release|Any CPU
	EndGlobalSection
	GlobalSection(ProjectConfigurationPlatforms) = postSolution
		{93764710-7620-45AE-97AC-610B42CF90AC}.Debug|Any CPU.ActiveCfg = Debug|Any CPU
		{93764710-7620-45AE-97AC-610B42CF90AC}.Debug|Any CPU.Build.0 = Debug|Any CPU
		{93764710-7620-45AE-97AC-610B42CF90AC}.Release|Any CPU.ActiveCfg = Release|Any CPU
		{93764710-7620-45AE-97AC-610B42CF90AC}.Release|Any CPU.Build.0 = Release|Any CPU
	EndGlobalSection
	GlobalSection(SolutionProperties) = preSolution
		HideSolutionNode = FALSE
	EndGlobalSection
	GlobalSection(ExtensibilityGlobals) = postSolution
		SolutionGuid = {46BE9125-D1F0-4E87-91CA-7988E2B7EF9B}
	EndGlobalSection
EndGlobal
